{
  "name": "ecommerce-app",
  "version": "1.0.0",
  "lockfileVersion": 3,
  "requires": true,
  "packages": {
    "": {
      "name": "ecommerce-app",
      "version": "1.0.0",
      "dependencies": {
        "express": "^4.18.0",
        "lodash": "^4.17.21",
        "react": "^18.2.0",
        "react-dom": "^18.2.0",
        "pg": "^8.11.0",
        "pg-hstore": "^2.3.4",
        "redis": "^4.6.0",
        "ioredis": "^5.3.0"
      }
    },
    "node_modules/express": {
      "version": "4.18.0",
      "resolved": "https://registry.npmjs.org/express/-/express-4.18.0.tgz",
      "integrity": "sha512-xxx"
    },
    "node_modules/react": {
      "version": "18.2.0",
      "resolved": "https://registry.npmjs.org/react/-/react-18.2.0.tgz",
      "integrity": "sha512-xxx"
    },
    "node_modules/pg": {
      "version": "8.11.0",
      "resolved": "https://registry.npmjs.org/pg/-/pg-8.11.0.tgz",
      "integrity": "sha512-xxx"
    },
    "node_modules/redis": {
      "version": "4.6.0",
      "resolved": "https://registry.npmjs.org/redis/-/redis-4.6.0.tgz",
      "integrity": "sha512-xxx"
    }
  }
}